{
  "requires": true,
  "lockfileVersion": 1,
  "dependencies": {
    "binding": {
      "version": "3.0.3",
      "resolved": "https://registry.npmjs.org/binding/-/binding-3.0.3.tgz",
      "integrity": "sha1-Zc06XJkhArlGzcHj0EIo6gf4Rm0="
    },
    "natives": {
      "version": "1.1.6",
      "resolved": "https://registry.npmjs.org/natives/-/natives-1.1.6.tgz",
      "integrity": "sha512-6+TDFewD4yxY14ptjKaS63GVdtKiES1pTPyxn9Jb0rBqPMZ7VcCiooEhPNsr+mqHtMGxa/5c/HhcC4uPEUw/nA=="
    }
  }
}
